// !$*UTF8*$!
{
	archiveVersion = 1;
	classes = {
	};
	objectVersion = 50;
	objects = {

/* Begin PBXBuildFile section */
		2C6B1EFE242D5FFA00164573 /* emergencyViewController.swift in Sources */ = {isa = PBXBuildFile; fileRef = 2C6B1EFD242D5FFA00164573 /* emergencyViewController.swift */; };
		2C94635E24281BD8005A38F3 /* countryCasesViewController.swift in Sources */ = {isa = PBXBuildFile; fileRef = 2C94635D24281BD8005A38F3 /* countryCasesViewController.swift */; };
		2C94636024283DCD005A38F3 /* LineChart.swift in Sources */ = {isa = PBXBuildFile; fileRef = 2C94635F24283DCD005A38F3 /* LineChart.swift */; };
		2C9463622428407B005A38F3 /* CurvedAlgorithm.swift in Sources */ = {isa = PBXBuildFile; fileRef = 2C9463612428407B005A38F3 /* CurvedAlgorithm.swift */; };
		2C946364242840BB005A38F3 /* DotCALayer.swift in Sources */ = {isa = PBXBuildFile; fileRef = 2C946363242840BB005A38F3 /* DotCALayer.swift */; };
		2CB8F75E2429DA4000127E6F /* tabBarControllerViewController.swift in Sources */ = {isa = PBXBuildFile; fileRef = 2CB8F75D2429DA4000127E6F /* tabBarControllerViewController.swift */; };
		2CDC4EE32427254A00D51212 /* AppDelegate.swift in Sources */ = {isa = PBXBuildFile; fileRef = 2CDC4EE22427254A00D51212 /* AppDelegate.swift */; };
		2CDC4EE52427254A00D51212 /* SceneDelegate.swift in Sources */ = {isa = PBXBuildFile; fileRef = 2CDC4EE42427254A00D51212 /* SceneDelegate.swift */; };
		2CDC4EE72427254A00D51212 /* ViewController.swift in Sources */ = {isa = PBXBuildFile; fileRef = 2CDC4EE62427254A00D51212 /* ViewController.swift */; };
		2CDC4EEA2427254A00D51212 /* Main.storyboard in Resources */ = {isa = PBXBuildFile; fileRef = 2CDC4EE82427254A00D51212 /* Main.storyboard */; };
		2CDC4EED2427254A00D51212 /* COVID_19_Informatica.xcdatamodeld in Sources */ = {isa = PBXBuildFile; fileRef = 2CDC4EEB2427254A00D51212 /* COVID_19_Informatica.xcdatamodeld */; };
		2CDC4EEF2427254A00D51212 /* Assets.xcassets in Resources */ = {isa = PBXBuildFile; fileRef = 2CDC4EEE2427254A00D51212 /* Assets.xcassets */; };
		2CDC4EF22427254A00D51212 /* LaunchScreen.storyboard in Resources */ = {isa = PBXBuildFile; fileRef = 2CDC4EF02427254A00D51212 /* LaunchScreen.storyboard */; };
		2CDC4EFD2427254A00D51212 /* COVID_19_InformaticaTests.swift in Sources */ = {isa = PBXBuildFile; fileRef = 2CDC4EFC2427254A00D51212 /* COVID_19_InformaticaTests.swift */; };
		2CDC4F082427254A00D51212 /* COVID_19_InformaticaUITests.swift in Sources */ = {isa = PBXBuildFile; fileRef = 2CDC4F072427254A00D51212 /* COVID_19_InformaticaUITests.swift */; };
		2CDC4F162427277200D51212 /* casesViewController.swift in Sources */ = {isa = PBXBuildFile; fileRef = 2CDC4F152427277200D51212 /* casesViewController.swift */; };
		2CDC4F182427277C00D51212 /* mapViewController.swift in Sources */ = {isa = PBXBuildFile; fileRef = 2CDC4F172427277C00D51212 /* mapViewController.swift */; };
		2CE570A8242BE97C002F320E /* Clear.png in Resources */ = {isa = PBXBuildFile; fileRef = 2CE570A7242BE97B002F320E /* Clear.png */; };
/* End PBXBuildFile section */

/* Begin PBXContainerItemProxy section */
		2CDC4EF92427254A00D51212 /* PBXContainerItemProxy */ = {
			isa = PBXContainerItemProxy;
			containerPortal = 2CDC4ED72427254A00D51212 /* Project object */;
			proxyType = 1;
			remoteGlobalIDString = 2CDC4EDE2427254A00D51212;
			remoteInfo = "COVID-19 Informatica";
		};
		2CDC4F042427254A00D51212 /* PBXContainerItemProxy */ = {
			isa = PBXContainerItemProxy;
			containerPortal = 2CDC4ED72427254A00D51212 /* Project object */;
			proxyType = 1;
			remoteGlobalIDString = 2CDC4EDE2427254A00D51212;
			remoteInfo = "COVID-19 Informatica";
		};
/* End PBXContainerItemProxy section */

/* Begin PBXFileReference section */
		2C6B1EFD242D5FFA00164573 /* emergencyViewController.swift */ = {isa = PBXFileReference; lastKnownFileType = sourcecode.swift; path = emergencyViewController.swift; sourceTree = "<group>"; };
		2C94635D24281BD8005A38F3 /* countryCasesViewController.swift */ = {isa = PBXFileReference; lastKnownFileType = sourcecode.swift; path = countryCasesViewController.swift; sourceTree = "<group>"; };
		2C94635F24283DCD005A38F3 /* LineChart.swift */ = {isa = PBXFileReference; lastKnownFileType = sourcecode.swift; path = LineChart.swift; sourceTree = "<group>"; };
		2C9463612428407B005A38F3 /* CurvedAlgorithm.swift */ = {isa = PBXFileReference; lastKnownFileType = sourcecode.swift; path = CurvedAlgorithm.swift; sourceTree = "<group>"; };
		2C946363242840BB005A38F3 /* DotCALayer.swift */ = {isa = PBXFileReference; lastKnownFileType = sourcecode.swift; path = DotCALayer.swift; sourceTree = "<group>"; };
		2CB8F75D2429DA4000127E6F /* tabBarControllerViewController.swift */ = {isa = PBXFileReference; lastKnownFileType = sourcecode.swift; path = tabBarControllerViewController.swift; sourceTree = "<group>"; };
		2CDC4EDF2427254A00D51212 /* COVID-19 Data.app */ = {isa = PBXFileReference; explicitFileType = wrapper.application; includeInIndex = 0; path = "COVID-19 Data.app"; sourceTree = BUILT_PRODUCTS_DIR; };
		2CDC4EE22427254A00D51212 /* AppDelegate.swift */ = {isa = PBXFileReference; lastKnownFileType = sourcecode.swift; path = AppDelegate.swift; sourceTree = "<group>"; };
		2CDC4EE42427254A00D51212 /* SceneDelegate.swift */ = {isa = PBXFileReference; lastKnownFileType = sourcecode.swift; path = SceneDelegate.swift; sourceTree = "<group>"; };
		2CDC4EE62427254A00D51212 /* ViewController.swift */ = {isa = PBXFileReference; lastKnownFileType = sourcecode.swift; path = ViewController.swift; sourceTree = "<group>"; };
		2CDC4EE92427254A00D51212 /* Base */ = {isa = PBXFileReference; lastKnownFileType = file.storyboard; name = Base; path = Base.lproj/Main.storyboard; sourceTree = "<group>"; };
		2CDC4EEC2427254A00D51212 /* COVID_19_Informatica.xcdatamodel */ = {isa = PBXFileReference; lastKnownFileType = wrapper.xcdatamodel; path = COVID_19_Informatica.xcdatamodel; sourceTree = "<group>"; };
		2CDC4EEE2427254A00D51212 /* Assets.xcassets */ = {isa = PBXFileReference; lastKnownFileType = folder.assetcatalog; path = Assets.xcassets; sourceTree = "<group>"; };
		2CDC4EF12427254A00D51212 /* Base */ = {isa = PBXFileReference; lastKnownFileType = file.storyboard; name = Base; path = Base.lproj/LaunchScreen.storyboard; sourceTree = "<group>"; };
		2CDC4EF32427254A00D51212 /* Info.plist */ = {isa = PBXFileReference; lastKnownFileType = text.plist.xml; path = Info.plist; sourceTree = "<group>"; };
		2CDC4EF82427254A00D51212 /* COVID-19 InformaticaTests.xctest */ = {isa = PBXFileReference; explicitFileType = wrapper.cfbundle; includeInIndex = 0; path = "COVID-19 InformaticaTests.xctest"; sourceTree = BUILT_PRODUCTS_DIR; };
		2CDC4EFC2427254A00D51212 /* COVID_19_InformaticaTests.swift */ = {isa = PBXFileReference; lastKnownFileType = sourcecode.swift; path = COVID_19_InformaticaTests.swift; sourceTree = "<group>"; };
		2CDC4EFE2427254A00D51212 /* Info.plist */ = {isa = PBXFileReference; lastKnownFileType = text.plist.xml; path = Info.plist; sourceTree = "<group>"; };
		2CDC4F032427254A00D51212 /* COVID-19 InformaticaUITests.xctest */ = {isa = PBXFileReference; explicitFileType = wrapper.cfbundle; includeInIndex = 0; path = "COVID-19 InformaticaUITests.xctest"; sourceTree = BUILT_PRODUCTS_DIR; };
		2CDC4F072427254A00D51212 /* COVID_19_InformaticaUITests.swift */ = {isa = PBXFileReference; lastKnownFileType = sourcecode.swift; path = COVID_19_InformaticaUITests.swift; sourceTree = "<group>"; };
		2CDC4F092427254A00D51212 /* Info.plist */ = {isa = PBXFileReference; lastKnownFileType = text.plist.xml; path = Info.plist; sourceTree = "<group>"; };
		2CDC4F152427277200D51212 /* casesViewController.swift */ = {isa = PBXFileReference; lastKnownFileType = sourcecode.swift; path = casesViewController.swift; sourceTree = "<group>"; };
		2CDC4F172427277C00D51212 /* mapViewController.swift */ = {isa = PBXFileReference; lastKnownFileType = sourcecode.swift; path = mapViewController.swift; sourceTree = "<group>"; };
		2CE570A7242BE97B002F320E /* Clear.png */ = {isa = PBXFileReference; lastKnownFileType = image.png; path = Clear.png; sourceTree = "<group>"; };
/* End PBXFileReference section */

/* Begin PBXFrameworksBuildPhase section */
		2CDC4EDC2427254A00D51212 /* Frameworks */ = {
			isa = PBXFrameworksBuildPhase;
			buildActionMask = 2147483647;
			files = (
			);
			runOnlyForDeploymentPostprocessing = 0;
		};
		2CDC4EF52427254A00D51212 /* Frameworks */ = {
			isa = PBXFrameworksBuildPhase;
			buildActionMask = 2147483647;
			files = (
			);
			runOnlyForDeploymentPostprocessing = 0;
		};
		2CDC4F002427254A00D51212 /* Frameworks */ = {
			isa = PBXFrameworksBuildPhase;
			buildActionMask = 2147483647;
			files = (
			);
			runOnlyForDeploymentPostprocessing = 0;
		};
/* End PBXFrameworksBuildPhase section */

/* Begin PBXGroup section */
		2CDC4ED62427254A00D51212 = {
			isa = PBXGroup;
			children = (
				2CDC4EE12427254A00D51212 /* COVID-19 Informatica */,
				2CDC4EFB2427254A00D51212 /* COVID-19 InformaticaTests */,
				2CDC4F062427254A00D51212 /* COVID-19 InformaticaUITests */,
				2CDC4EE02427254A00D51212 /* Products */,
			);
			sourceTree = "<group>";
		};
		2CDC4EE02427254A00D51212 /* Products */ = {
			isa = PBXGroup;
			children = (
				2CDC4EDF2427254A00D51212 /* COVID-19 Data.app */,
				2CDC4EF82427254A00D51212 /* COVID-19 InformaticaTests.xctest */,
				2CDC4F032427254A00D51212 /* COVID-19 InformaticaUITests.xctest */,
			);
			name = Products;
			sourceTree = "<group>";
		};
		2CDC4EE12427254A00D51212 /* COVID-19 Informatica */ = {
			isa = PBXGroup;
			children = (
				2CDC4EE22427254A00D51212 /* AppDelegate.swift */,
				2CDC4EE42427254A00D51212 /* SceneDelegate.swift */,
				2CDC4EE62427254A00D51212 /* ViewController.swift */,
				2CDC4F152427277200D51212 /* casesViewController.swift */,
				2CB8F75D2429DA4000127E6F /* tabBarControllerViewController.swift */,
				2C94635D24281BD8005A38F3 /* countryCasesViewController.swift */,
				2C94635F24283DCD005A38F3 /* LineChart.swift */,
				2C9463612428407B005A38F3 /* CurvedAlgorithm.swift */,
				2C946363242840BB005A38F3 /* DotCALayer.swift */,
				2CDC4F172427277C00D51212 /* mapViewController.swift */,
				2C6B1EFD242D5FFA00164573 /* emergencyViewController.swift */,
				2CDC4EE82427254A00D51212 /* Main.storyboard */,
				2CDC4EEE2427254A00D51212 /* Assets.xcassets */,
				2CDC4EF02427254A00D51212 /* LaunchScreen.storyboard */,
				2CDC4EF32427254A00D51212 /* Info.plist */,
				2CDC4EEB2427254A00D51212 /* COVID_19_Informatica.xcdatamodeld */,
				2CE570A7242BE97B002F320E /* Clear.png */,
			);
			path = "COVID-19 Informatica";
			sourceTree = "<group>";
		};
		2CDC4EFB2427254A00D51212 /* COVID-19 InformaticaTests */ = {
			isa = PBXGroup;
			children = (
				2CDC4EFC2427254A00D51212 /* COVID_19_InformaticaTests.swift */,
				2CDC4EFE2427254A00D51212 /* Info.plist */,
			);
			path = "COVID-19 InformaticaTests";
			sourceTree = "<group>";
		};
		2CDC4F062427254A00D51212 /* COVID-19 InformaticaUITests */ = {
			isa = PBXGroup;
			children = (
				2CDC4F072427254A00D51212 /* COVID_19_InformaticaUITests.swift */,
				2CDC4F092427254A00D51212 /* Info.plist */,
			);
			path = "COVID-19 InformaticaUITests";
			sourceTree = "<group>";
		};
/* End PBXGroup section */

/* Begin PBXNativeTarget section */
		2CDC4EDE2427254A00D51212 /* COVID-19 Informatica */ = {
			isa = PBXNativeTarget;
			buildConfigurationList = 2CDC4F0C2427254A00D51212 /* Build configuration list for PBXNativeTarget "COVID-19 Informatica" */;
			buildPhases = (
				2CDC4EDB2427254A00D51212 /* Sources */,
				2CDC4EDC2427254A00D51212 /* Frameworks */,
				2CDC4EDD2427254A00D51212 /* Resources */,
			);
			buildRules = (
			);
			dependencies = (
			);
			name = "COVID-19 Informatica";
			productName = "COVID-19 Informatica";
			productReference = 2CDC4EDF2427254A00D51212 /* COVID-19 Data.app */;
			productType = "com.apple.product-type.application";
		};
		2CDC4EF72427254A00D51212 /* COVID-19 InformaticaTests */ = {
			isa = PBXNativeTarget;
			buildConfigurationList = 2CDC4F0F2427254A00D51212 /* Build configuration list for PBXNativeTarget "COVID-19 InformaticaTests" */;
			buildPhases = (
				2CDC4EF42427254A00D51212 /* Sources */,
				2CDC4EF52427254A00D51212 /* Frameworks */,
				2CDC4EF62427254A00D51212 /* Resources */,
			);
			buildRules = (
			);
			dependencies = (
				2CDC4EFA2427254A00D51212 /* PBXTargetDependency */,
			);
			name = "COVID-19 InformaticaTests";
			productName = "COVID-19 InformaticaTests";
			productReference = 2CDC4EF82427254A00D51212 /* COVID-19 InformaticaTests.xctest */;
			productType = "com.apple.product-type.bundle.unit-test";
		};
		2CDC4F022427254A00D51212 /* COVID-19 InformaticaUITests */ = {
			isa = PBXNativeTarget;
			buildConfigurationList = 2CDC4F122427254A00D51212 /* Build configuration list for PBXNativeTarget "COVID-19 InformaticaUITests" */;
			buildPhases = (
				2CDC4EFF2427254A00D51212 /* Sources */,
				2CDC4F002427254A00D51212 /* Frameworks */,
				2CDC4F012427254A00D51212 /* Resources */,
			);
			buildRules = (
			);
			dependencies = (
				2CDC4F052427254A00D51212 /* PBXTargetDependency */,
			);
			name = "COVID-19 InformaticaUITests";
			productName = "COVID-19 InformaticaUITests";
			productReference = 2CDC4F032427254A00D51212 /* COVID-19 InformaticaUITests.xctest */;
			productType = "com.apple.product-type.bundle.ui-testing";
		};
/* End PBXNativeTarget section */

/* Begin PBXProject section */
		2CDC4ED72427254A00D51212 /* Project object */ = {
			isa = PBXProject;
			attributes = {
				LastSwiftUpdateCheck = 1130;
				LastUpgradeCheck = 1130;
				ORGANIZATIONNAME = "Vishal Anantharaman";
				TargetAttributes = {
					2CDC4EDE2427254A00D51212 = {
						CreatedOnToolsVersion = 11.3.1;
					};
					2CDC4EF72427254A00D51212 = {
						CreatedOnToolsVersion = 11.3.1;
						TestTargetID = 2CDC4EDE2427254A00D51212;
					};
					2CDC4F022427254A00D51212 = {
						CreatedOnToolsVersion = 11.3.1;
						TestTargetID = 2CDC4EDE2427254A00D51212;
					};
				};
			};
			buildConfigurationList = 2CDC4EDA2427254A00D51212 /* Build configuration list for PBXProject "COVID-19 Informatica" */;
			compatibilityVersion = "Xcode 9.3";
			developmentRegion = en;
			hasScannedForEncodings = 0;
			knownRegions = (
				en,
				Base,
			);
			mainGroup = 2CDC4ED62427254A00D51212;
			productRefGroup = 2CDC4EE02427254A00D51212 /* Products */;
			projectDirPath = "";
			projectRoot = "";
			targets = (
				2CDC4EDE2427254A00D51212 /* COVID-19 Informatica */,
				2CDC4EF72427254A00D51212 /* COVID-19 InformaticaTests */,
				2CDC4F022427254A00D51212 /* COVID-19 InformaticaUITests */,
			);
		};
/* End PBXProject section */

/* Begin PBXResourcesBuildPhase section */
		2CDC4EDD2427254A00D51212 /* Resources */ = {
			isa = PBXResourcesBuildPhase;
			buildActionMask = 2147483647;
			files = (
				2CDC4EF22427254A00D51212 /* LaunchScreen.storyboard in Resources */,
				2CDC4EEF2427254A00D51212 /* Assets.xcassets in Resources */,
				2CDC4EEA2427254A00D51212 /* Main.storyboard in Resources */,
				2CE570A8242BE97C002F320E /* Clear.png in Resources */,
			);
			runOnlyForDeploymentPostprocessing = 0;
		};
		2CDC4EF62427254A00D51212 /* Resources */ = {
			isa = PBXResourcesBuildPhase;
			buildActionMask = 2147483647;
			files = (
			);
			runOnlyForDeploymentPostprocessing = 0;
		};
		2CDC4F012427254A00D51212 /* Resources */ = {
			isa = PBXResourcesBuildPhase;
			buildActionMask = 2147483647;
			files = (
			);
			runOnlyForDeploymentPostprocessing = 0;
		};
/* End PBXResourcesBuildPhase section */

/* Begin PBXSourcesBuildPhase section */
		2CDC4EDB2427254A00D51212 /* Sources */ = {
			isa = PBXSourcesBuildPhase;
			buildActionMask = 2147483647;
			files = (
				2C9463622428407B005A38F3 /* CurvedAlgorithm.swift in Sources */,
				2CDC4EE72427254A00D51212 /* ViewController.swift in Sources */,
				2C6B1EFE242D5FFA00164573 /* emergencyViewController.swift in Sources */,
				2CB8F75E2429DA4000127E6F /* tabBarControllerViewController.swift in Sources */,
				2CDC4EED2427254A00D51212 /* COVID_19_Informatica.xcdatamodeld in Sources */,
				2C94636024283DCD005A38F3 /* LineChart.swift in Sources */,
				2C94635E24281BD8005A38F3 /* countryCasesViewController.swift in Sources */,
				2CDC4EE32427254A00D51212 /* AppDelegate.swift in Sources */,
				2C946364242840BB005A38F3 /* DotCALayer.swift in Sources */,
				2CDC4F182427277C00D51212 /* mapViewController.swift in Sources */,
				2CDC4F162427277200D51212 /* casesViewController.swift in Sources */,
				2CDC4EE52427254A00D51212 /* SceneDelegate.swift in Sources */,
			);
			runOnlyForDeploymentPostprocessing = 0;
		};
		2CDC4EF42427254A00D51212 /* Sources */ = {
			isa = PBXSourcesBuildPhase;
			buildActionMask = 2147483647;
			files = (
				2CDC4EFD2427254A00D51212 /* COVID_19_InformaticaTests.swift in Sources */,
			);
			runOnlyForDeploymentPostprocessing = 0;
		};
		2CDC4EFF2427254A00D51212 /* Sources */ = {
			isa = PBXSourcesBuildPhase;
			buildActionMask = 2147483647;
			files = (
				2CDC4F082427254A00D51212 /* COVID_19_InformaticaUITests.swift in Sources */,
			);
			runOnlyForDeploymentPostprocessing = 0;
		};
/* End PBXSourcesBuildPhase section */

/* Begin PBXTargetDependency section */
		2CDC4EFA2427254A00D51212 /* PBXTargetDependency */ = {
			isa = PBXTargetDependency;
			target = 2CDC4EDE2427254A00D51212 /* COVID-19 Informatica */;
			targetProxy = 2CDC4EF92427254A00D51212 /* PBXContainerItemProxy */;
		};
		2CDC4F052427254A00D51212 /* PBXTargetDependency */ = {
			isa = PBXTargetDependency;
			target = 2CDC4EDE2427254A00D51212 /* COVID-19 Informatica */;
			targetProxy = 2CDC4F042427254A00D51212 /* PBXContainerItemProxy */;
		};
/* End PBXTargetDependency section */

/* Begin PBXVariantGroup section */
		2CDC4EE82427254A00D51212 /* Main.storyboard */ = {
			isa = PBXVariantGroup;
			children = (
				2CDC4EE92427254A00D51212 /* Base */,
			);
			name = Main.storyboard;
			sourceTree = "<group>";
		};
		2CDC4EF02427254A00D51212 /* LaunchScreen.storyboard */ = {
			isa = PBXVariantGroup;
			children = (
				2CDC4EF12427254A00D51212 /* Base */,
			);
			name = LaunchScreen.storyboard;
			sourceTree = "<group>";
		};
/* End PBXVariantGroup section */

/* Begin XCBuildConfiguration section */
		2CDC4F0A2427254A00D51212 /* Debug */ = {
			isa = XCBuildConfiguration;
			buildSettings = {
				ALWAYS_SEARCH_USER_PATHS = NO;
				CLANG_ANALYZER_NONNULL = YES;
				CLANG_ANALYZER_NUMBER_OBJECT_CONVERSION = YES_AGGRESSIVE;
				CLANG_CXX_LANGUAGE_STANDARD = "gnu++14";
				CLANG_CXX_LIBRARY = "libc++";
				CLANG_ENABLE_MODULES = YES;
				CLANG_ENABLE_OBJC_ARC = YES;
				CLANG_ENABLE_OBJC_WEAK = YES;
				CLANG_WARN_BLOCK_CAPTURE_AUTORELEASING = YES;
				CLANG_WARN_BOOL_CONVERSION = YES;
				CLANG_WARN_COMMA = YES;
				CLANG_WARN_CONSTANT_CONVERSION = YES;
				CLANG_WARN_DEPRECATED_OBJC_IMPLEMENTATIONS = YES;
				CLANG_WARN_DIRECT_OBJC_ISA_USAGE = YES_ERROR;
				CLANG_WARN_DOCUMENTATION_COMMENTS = YES;
				CLANG_WARN_EMPTY_BODY = YES;
				CLANG_WARN_ENUM_CONVERSION = YES;
				CLANG_WARN_INFINITE_RECURSION = YES;
				CLANG_WARN_INT_CONVERSION = YES;
				CLANG_WARN_NON_LITERAL_NULL_CONVERSION = YES;
				CLANG_WARN_OBJC_IMPLICIT_RETAIN_SELF = YES;
				CLANG_WARN_OBJC_LITERAL_CONVERSION = YES;
				CLANG_WARN_OBJC_ROOT_CLASS = YES_ERROR;
				CLANG_WARN_RANGE_LOOP_ANALYSIS = YES;
				CLANG_WARN_STRICT_PROTOTYPES = YES;
				CLANG_WARN_SUSPICIOUS_MOVE = YES;
				CLANG_WARN_UNGUARDED_AVAILABILITY = YES_AGGRESSIVE;
				CLANG_WARN_UNREACHABLE_CODE = YES;
				CLANG_WARN__DUPLICATE_METHOD_MATCH = YES;
				COPY_PHASE_STRIP = NO;
				DEBUG_INFORMATION_FORMAT = dwarf;
				ENABLE_STRICT_OBJC_MSGSEND = YES;
				ENABLE_TESTABILITY = YES;
				GCC_C_LANGUAGE_STANDARD = gnu11;
				GCC_DYNAMIC_NO_PIC = NO;
				GCC_NO_COMMON_BLOCKS = YES;
				GCC_OPTIMIZATION_LEVEL = 0;
				GCC_PREPROCESSOR_DEFINITIONS = (
					"DEBUG=1",
					"$(inherited)",
				);
				GCC_WARN_64_TO_32_BIT_CONVERSION = YES;
				GCC_WARN_ABOUT_RETURN_TYPE = YES_ERROR;
				GCC_WARN_UNDECLARED_SELECTOR = YES;
				GCC_WARN_UNINITIALIZED_AUTOS = YES_AGGRESSIVE;
				GCC_WARN_UNUSED_FUNCTION = YES;
				GCC_WARN_UNUSED_VARIABLE = YES;
				IPHONEOS_DEPLOYMENT_TARGET = 13.2;
				MTL_ENABLE_DEBUG_INFO = INCLUDE_SOURCE;
				MTL_FAST_MATH = YES;
				ONLY_ACTIVE_ARCH = YES;
				SDKROOT = iphoneos;
				SWIFT_ACTIVE_COMPILATION_CONDITIONS = DEBUG;
				SWIFT_OPTIMIZATION_LEVEL = "-Onone";
			};
			name = Debug;
		};
		2CDC4F0B2427254A00D51212 /* Release */ = {
			isa = XCBuildConfiguration;
			buildSettings = {
				ALWAYS_SEARCH_USER_PATHS = NO;
				CLANG_ANALYZER_NONNULL = YES;
				CLANG_ANALYZER_NUMBER_OBJECT_CONVERSION = YES_AGGRESSIVE;
				CLANG_CXX_LANGUAGE_STANDARD = "gnu++14";
				CLANG_CXX_LIBRARY = "libc++";
				CLANG_ENABLE_MODULES = YES;
				CLANG_ENABLE_OBJC_ARC = YES;
				CLANG_ENABLE_OBJC_WEAK = YES;
				CLANG_WARN_BLOCK_CAPTURE_AUTORELEASING = YES;
				CLANG_WARN_BOOL_CONVERSION = YES;
				CLANG_WARN_COMMA = YES;
				CLANG_WARN_CONSTANT_CONVERSION = YES;
				CLANG_WARN_DEPRECATED_OBJC_IMPLEMENTATIONS = YES;
				CLANG_WARN_DIRECT_OBJC_ISA_USAGE = YES_ERROR;
				CLANG_WARN_DOCUMENTATION_COMMENTS = YES;
				CLANG_WARN_EMPTY_BODY = YES;
				CLANG_WARN_ENUM_CONVERSION = YES;
				CLANG_WARN_INFINITE_RECURSION = YES;
				CLANG_WARN_INT_CONVERSION = YES;
				CLANG_WARN_NON_LITERAL_NULL_CONVERSION = YES;
				CLANG_WARN_OBJC_IMPLICIT_RETAIN_SELF = YES;
				CLANG_WARN_OBJC_LITERAL_CONVERSION = YES;
				CLANG_WARN_OBJC_ROOT_CLASS = YES_ERROR;
				CLANG_WARN_RANGE_LOOP_ANALYSIS = YES;
				CLANG_WARN_STRICT_PROTOTYPES = YES;
				CLANG_WARN_SUSPICIOUS_MOVE = YES;
				CLANG_WARN_UNGUARDED_AVAILABILITY = YES_AGGRESSIVE;
				CLANG_WARN_UNREACHABLE_CODE = YES;
				CLANG_WARN__DUPLICATE_METHOD_MATCH = YES;
				COPY_PHASE_STRIP = NO;
				DEBUG_INFORMATION_FORMAT = "dwarf-with-dsym";
				ENABLE_NS_ASSERTIONS = NO;
				ENABLE_STRICT_OBJC_MSGSEND = YES;
				GCC_C_LANGUAGE_STANDARD = gnu11;
				GCC_NO_COMMON_BLOCKS = YES;
				GCC_WARN_64_TO_32_BIT_CONVERSION = YES;
				GCC_WARN_ABOUT_RETURN_TYPE = YES_ERROR;
				GCC_WARN_UNDECLARED_SELECTOR = YES;
				GCC_WARN_UNINITIALIZED_AUTOS = YES_AGGRESSIVE;
				GCC_WARN_UNUSED_FUNCTION = YES;
				GCC_WARN_UNUSED_VARIABLE = YES;
				IPHONEOS_DEPLOYMENT_TARGET = 13.2;
				MTL_ENABLE_DEBUG_INFO = NO;
				MTL_FAST_MATH = YES;
				SDKROOT = iphoneos;
				SWIFT_COMPILATION_MODE = wholemodule;
				SWIFT_OPTIMIZATION_LEVEL = "-O";
				VALIDATE_PRODUCT = YES;
			};
			name = Release;
		};
		2CDC4F0D2427254A00D51212 /* Debug */ = {
			isa = XCBuildConfiguration;
			buildSettings = {
				ASSETCATALOG_COMPILER_APPICON_NAME = AppIcon;
				CODE_SIGN_STYLE = Automatic;
				DEVELOPMENT_TEAM = XC7BM49F7N;
				INFOPLIST_FILE = "COVID-19 Informatica/Info.plist";
				LD_RUNPATH_SEARCH_PATHS = (
					"$(inherited)",
					"@executable_path/Frameworks",
				);
				MARKETING_VERSION = 1.4;
				PRODUCT_BUNDLE_IDENTIFIER = "com.COVID-19-Data";
				PRODUCT_NAME = "COVID-19 Data";
				SWIFT_VERSION = 5.0;
				TARGETED_DEVICE_FAMILY = "1,2";
			};
			name = Debug;
		};
		2CDC4F0E2427254A00D51212 /* Release */ = {
			isa = XCBuildConfiguration;
			buildSettings = {
				ASSETCATALOG_COMPILER_APPICON_NAME = AppIcon;
				CODE_SIGN_STYLE = Automatic;
				DEVELOPMENT_TEAM = XC7BM49F7N;
				INFOPLIST_FILE = "COVID-19 Informatica/Info.plist";
				LD_RUNPATH_SEARCH_PATHS = (
					"$(inherited)",
					"@executable_path/Frameworks",
				);
				MARKETING_VERSION = 1.4;
				PRODUCT_BUNDLE_IDENTIFIER = "com.COVID-19-Data";
				PRODUCT_NAME = "COVID-19 Data";
				SWIFT_VERSION = 5.0;
				TARGETED_DEVICE_FAMILY = "1,2";
			};
			name = Release;
		};
		2CDC4F102427254A00D51212 /* Debug */ = {
			isa = XCBuildConfiguration;
			buildSettings = {
				ALWAYS_EMBED_SWIFT_STANDARD_LIBRARIES = YES;
				BUNDLE_LOADER = "$(TEST_HOST)";
				CODE_SIGN_STYLE = Automatic;
				DEVELOPMENT_TEAM = XC7BM49F7N;
				INFOPLIST_FILE = "COVID-19 InformaticaTests/Info.plist";
				IPHONEOS_DEPLOYMENT_TARGET = 13.2;
				LD_RUNPATH_SEARCH_PATHS = (
					"$(inherited)",
					"@executable_path/Frameworks",
					"@loader_path/Frameworks",
				);
				PRODUCT_BUNDLE_IDENTIFIER = "com.COVID-19-InformaticaTests";
				PRODUCT_NAME = "$(TARGET_NAME)";
				SWIFT_VERSION = 5.0;
				TARGETED_DEVICE_FAMILY = "1,2";
				TEST_HOST = "$(BUILT_PRODUCTS_DIR)/COVID-19 Informatica.app/COVID-19 Informatica";
			};
			name = Debug;
		};
		2CDC4F112427254A00D51212 /* Release */ = {
			isa = XCBuildConfiguration;
			buildSettings = {
				ALWAYS_EMBED_SWIFT_STANDARD_LIBRARIES = YES;
				BUNDLE_LOADER = "$(TEST_HOST)";
				CODE_SIGN_STYLE = Automatic;
				DEVELOPMENT_TEAM = XC7BM49F7N;
				INFOPLIST_FILE = "COVID-19 InformaticaTests/Info.plist";
				IPHONEOS_DEPLOYMENT_TARGET = 13.2;
				LD_RUNPATH_SEARCH_PATHS = (
					"$(inherited)",
					"@executable_path/Frameworks",
					"@loader_path/Frameworks",
				);
				PRODUCT_BUNDLE_IDENTIFIER = "com.COVID-19-InformaticaTests";
				PRODUCT_NAME = "$(TARGET_NAME)";
				SWIFT_VERSION = 5.0;
				TARGETED_DEVICE_FAMILY = "1,2";
				TEST_HOST = "$(BUILT_PRODUCTS_DIR)/COVID-19 Informatica.app/COVID-19 Informatica";
			};
			name = Release;
		};
		2CDC4F132427254A00D51212 /* Debug */ = {
			isa = XCBuildConfiguration;
			buildSettings = {
				ALWAYS_EMBED_SWIFT_STANDARD_LIBRARIES = YES;
				CODE_SIGN_STYLE = Automatic;
				DEVELOPMENT_TEAM = XC7BM49F7N;
				INFOPLIST_FILE = "COVID-19 InformaticaUITests/Info.plist";
				LD_RUNPATH_SEARCH_PATHS = (
					"$(inherited)",
					"@executable_path/Frameworks",
					"@loader_path/Frameworks",
				);
				PRODUCT_BUNDLE_IDENTIFIER = "com.COVID-19-InformaticaUITests";
				PRODUCT_NAME = "$(TARGET_NAME)";
				SWIFT_VERSION = 5.0;
				TARGETED_DEVICE_FAMILY = "1,2";
				TEST_TARGET_NAME = "COVID-19 Informatica";
			};
			name = Debug;
		};
		2CDC4F142427254A00D51212 /* Release */ = {
			isa = XCBuildConfiguration;
			buildSettings = {
				ALWAYS_EMBED_SWIFT_STANDARD_LIBRARIES = YES;
				CODE_SIGN_STYLE = Automatic;
				DEVELOPMENT_TEAM = XC7BM49F7N;
				INFOPLIST_FILE = "COVID-19 InformaticaUITests/Info.plist";
				LD_RUNPATH_SEARCH_PATHS = (
					"$(inherited)",
					"@executable_path/Frameworks",
					"@loader_path/Frameworks",
				);
				PRODUCT_BUNDLE_IDENTIFIER = "com.COVID-19-InformaticaUITests";
				PRODUCT_NAME = "$(TARGET_NAME)";
				SWIFT_VERSION = 5.0;
				TARGETED_DEVICE_FAMILY = "1,2";
				TEST_TARGET_NAME = "COVID-19 Informatica";
			};
			name = Release;
		};
/* End XCBuildConfiguration section */

/* Begin XCConfigurationList section */
		2CDC4EDA2427254A00D51212 /* Build configuration list for PBXProject "COVID-19 Informatica" */ = {
			isa = XCConfigurationList;
			buildConfigurations = (
				2CDC4F0A2427254A00D51212 /* Debug */,
				2CDC4F0B2427254A00D51212 /* Release */,
			);
			defaultConfigurationIsVisible = 0;
			defaultConfigurationName = Release;
		};
		2CDC4F0C2427254A00D51212 /* Build configuration list for PBXNativeTarget "COVID-19 Informatica" */ = {
			isa = XCConfigurationList;
			buildConfigurations = (
				2CDC4F0D2427254A00D51212 /* Debug */,
				2CDC4F0E2427254A00D51212 /* Release */,
			);
			defaultConfigurationIsVisible = 0;
			defaultConfigurationName = Release;
		};
		2CDC4F0F2427254A00D51212 /* Build configuration list for PBXNativeTarget "COVID-19 InformaticaTests" */ = {
			isa = XCConfigurationList;
			buildConfigurations = (
				2CDC4F102427254A00D51212 /* Debug */,
				2CDC4F112427254A00D51212 /* Release */,
			);
			defaultConfigurationIsVisible = 0;
			defaultConfigurationName = Release;
		};
		2CDC4F122427254A00D51212 /* Build configuration list for PBXNativeTarget "COVID-19 InformaticaUITests" */ = {
			isa = XCConfigurationList;
			buildConfigurations = (
				2CDC4F132427254A00D51212 /* Debug */,
				2CDC4F142427254A00D51212 /* Release */,
			);
			defaultConfigurationIsVisible = 0;
			defaultConfigurationName = Release;
		};
/* End XCConfigurationList section */

/* Begin XCVersionGroup section */
		2CDC4EEB2427254A00D51212 /* COVID_19_Informatica.xcdatamodeld */ = {
			isa = XCVersionGroup;
			children = (
				2CDC4EEC2427254A00D51212 /* COVID_19_Informatica.xcdatamodel */,
			);
			currentVersion = 2CDC4EEC2427254A00D51212 /* COVID_19_Informatica.xcdatamodel */;
			path = COVID_19_Informatica.xcdatamodeld;
			sourceTree = "<group>";
			versionGroupType = wrapper.xcdatamodel;
		};
/* End XCVersionGroup section */
	};
	rootObject = 2CDC4ED72427254A00D51212 /* Project object */;
}
